
Microsoft Visual Studio Solution File, Format Version 12.00
# Visual Studio Version 16
VisualStudioVersion = 16.0.29609.76
MinimumVisualStudioVersion = 10.0.40219.1
Project("{FAE04EC0-301F-11D3-BF4B-00C04F79EFBC}") = "ChaChing", "ChaChing.csproj", "{B056B8F7-4814-4885-B68A-52F85BD429F0}"
EndProject
Project("{FAE04EC0-301F-11D3-BF4B-00C04F79EFBC}") = "ChaChing.Test", "..\ChaChing.Test\ChaChing.Test.csproj", "{1FA40552-65FB-4E5A-95FF-2A31A91B0D11}"
EndProject
Project("{FAE04EC0-301F-11D3-BF4B-00C04F79EFBC}") = "ChaChing.Service", "..\ChaChing.Service\ChaChing.Service.csproj", "{98BE065F-DA03-40D9-A5B0-385019EC34B8}"
EndProject
Project("{FAE04EC0-301F-11D3-BF4B-00C04F79EFBC}") = "ChaChing.UI", "..\ChaChing.UI\ChaChing.UI.csproj", "{B6E20462-837C-4F48-89CB-2C32985671DF}"
	ProjectSection(ProjectDependencies) = postProject
		{98BE065F-DA03-40D9-A5B0-385019EC34B8} = {98BE065F-DA03-40D9-A5B0-385019EC34B8}
	EndProjectSection
EndProject
Global
	GlobalSection(SolutionConfigurationPlatforms) = preSolution
		Debug|Any CPU = Debug|Any CPU
		Release|Any CPU = Release|Any CPU
	EndGlobalSection
	GlobalSection(ProjectConfigurationPlatforms) = postSolution
		{B056B8F7-4814-4885-B68A-52F85BD429F0}.Debug|Any CPU.ActiveCfg = Debug|Any CPU
		{B056B8F7-4814-4885-B68A-52F85BD429F0}.Debug|Any CPU.Build.0 = Debug|Any CPU
		{B056B8F7-4814-4885-B68A-52F85BD429F0}.Release|Any CPU.ActiveCfg = Release|Any CPU
		{B056B8F7-4814-4885-B68A-52F85BD429F0}.Release|Any CPU.Build.0 = Release|Any CPU
		{1FA40552-65FB-4E5A-95FF-2A31A91B0D11}.Debug|Any CPU.ActiveCfg = Debug|Any CPU
		{1FA40552-65FB-4E5A-95FF-2A31A91B0D11}.Debug|Any CPU.Build.0 = Debug|Any CPU
		{1FA40552-65FB-4E5A-95FF-2A31A91B0D11}.Release|Any CPU.ActiveCfg = Release|Any CPU
		{1FA40552-65FB-4E5A-95FF-2A31A91B0D11}.Release|Any CPU.Build.0 = Release|Any CPU
		{98BE065F-DA03-40D9-A5B0-385019EC34B8}.Debug|Any CPU.ActiveCfg = Debug|Any CPU
		{98BE065F-DA03-40D9-A5B0-385019EC34B8}.Debug|Any CPU.Build.0 = Debug|Any CPU
		{98BE065F-DA03-40D9-A5B0-385019EC34B8}.Release|Any CPU.ActiveCfg = Release|Any CPU
		{98BE065F-DA03-40D9-A5B0-385019EC34B8}.Release|Any CPU.Build.0 = Release|Any CPU
		{B6E20462-837C-4F48-89CB-2C32985671DF}.Debug|Any CPU.ActiveCfg = Debug|Any CPU
		{B6E20462-837C-4F48-89CB-2C32985671DF}.Debug|Any CPU.Build.0 = Debug|Any CPU
		{B6E20462-837C-4F48-89CB-2C32985671DF}.Release|Any CPU.ActiveCfg = Release|Any CPU
		{B6E20462-837C-4F48-89CB-2C32985671DF}.Release|Any CPU.Build.0 = Release|Any CPU
	EndGlobalSection
	GlobalSection(SolutionProperties) = preSolution
		HideSolutionNode = FALSE
	EndGlobalSection
	GlobalSection(ExtensibilityGlobals) = postSolution
		SolutionGuid = {BEB4E260-65CC-467B-ADB2-B2D0553DB465}
	EndGlobalSection
EndGlobal
